
Microsoft Visual Studio Solution File, Format Version 12.00
# Visual Studio Version 16
VisualStudioVersion = 16.0.30907.101
MinimumVisualStudioVersion = 10.0.40219.1
Project("{FAE04EC0-301F-11D3-BF4B-00C04F79EFBC}") = "ArtifactofTheKing2", "ArtifactofTheKing2\ArtifactofTheKing2.csproj", "{2B07BEFC-DE4B-46EA-83FB-9426D869ADCE}"
EndProject
Global
	GlobalSection(SolutionConfigurationPlatforms) = preSolution
		Debug|Any CPU = Debug|Any CPU
		Release|Any CPU = Release|Any CPU
	EndGlobalSection
	GlobalSection(ProjectConfigurationPlatforms) = postSolution
		{2B07BEFC-DE4B-46EA-83FB-9426D869ADCE}.Debug|Any CPU.ActiveCfg = Debug|Any CPU
		{2B07BEFC-DE4B-46EA-83FB-9426D869ADCE}.Debug|Any CPU.Build.0 = Debug|Any CPU
		{2B07BEFC-DE4B-46EA-83FB-9426D869ADCE}.Release|Any CPU.ActiveCfg = Release|Any CPU
		{2B07BEFC-DE4B-46EA-83FB-9426D869ADCE}.Release|Any CPU.Build.0 = Release|Any CPU
	EndGlobalSection
	GlobalSection(SolutionProperties) = preSolution
		HideSolutionNode = FALSE
	EndGlobalSection
	GlobalSection(ExtensibilityGlobals) = postSolution
		SolutionGuid = {250DB332-D1D6-41DC-A15B-BFB2C42A0A18}
	EndGlobalSection
EndGlobal
